
Microsoft Visual Studio Solution File, Format Version 12.00
# Visual Studio 2012
Project("{FAE04EC0-301F-11D3-BF4B-00C04F79EFBC}") = "Cogneco.Transpiler.Run", "Cogneco.Transpiler.Run\Cogneco.Transpiler.Run.csproj", "{2EAC74E9-0674-4E7C-BFEF-D1D8F53860EC}"
EndProject
Project("{FAE04EC0-301F-11D3-BF4B-00C04F79EFBC}") = "Cogneco.Transpiler", "Cogneco.Transpiler\Cogneco.Transpiler.csproj", "{7335A11B-06C7-4F27-8079-1FD42B635D21}"
EndProject
Project("{FAE04EC0-301F-11D3-BF4B-00C04F79EFBC}") = "Kean", "Kean\Kean\Kean.csproj", "{DB8ACBAC-64DF-439B-BFCD-564D51661CE2}"
EndProject
Project("{FAE04EC0-301F-11D3-BF4B-00C04F79EFBC}") = "Kean.Tests", "Kean\Kean.Tests\Kean.Tests.csproj", "{2678B75E-8DA1-45EB-8F0C-252048ACE936}"
EndProject
Project("{FAE04EC0-301F-11D3-BF4B-00C04F79EFBC}") = "Cogneco.Transpiler.Apus", "Cogneco.Transpiler.Apus\Cogneco.Transpiler.Apus.csproj", "{907216FA-9143-497B-9F7E-2566844F232E}"
EndProject
Global
	GlobalSection(SolutionConfigurationPlatforms) = preSolution
		Debug|x86 = Debug|x86
		Release|x86 = Release|x86
	EndGlobalSection
	GlobalSection(ProjectConfigurationPlatforms) = postSolution
		{2678B75E-8DA1-45EB-8F0C-252048ACE936}.Debug|x86.ActiveCfg = Debug|Any CPU
		{2678B75E-8DA1-45EB-8F0C-252048ACE936}.Debug|x86.Build.0 = Debug|Any CPU
		{2678B75E-8DA1-45EB-8F0C-252048ACE936}.Release|x86.ActiveCfg = Release|Any CPU
		{2678B75E-8DA1-45EB-8F0C-252048ACE936}.Release|x86.Build.0 = Release|Any CPU
		{2EAC74E9-0674-4E7C-BFEF-D1D8F53860EC}.Debug|x86.ActiveCfg = Debug|x86
		{2EAC74E9-0674-4E7C-BFEF-D1D8F53860EC}.Debug|x86.Build.0 = Debug|x86
		{2EAC74E9-0674-4E7C-BFEF-D1D8F53860EC}.Release|x86.ActiveCfg = Release|x86
		{2EAC74E9-0674-4E7C-BFEF-D1D8F53860EC}.Release|x86.Build.0 = Release|x86
		{7335A11B-06C7-4F27-8079-1FD42B635D21}.Debug|x86.ActiveCfg = Debug|Any CPU
		{7335A11B-06C7-4F27-8079-1FD42B635D21}.Debug|x86.Build.0 = Debug|Any CPU
		{7335A11B-06C7-4F27-8079-1FD42B635D21}.Release|x86.ActiveCfg = Release|Any CPU
		{7335A11B-06C7-4F27-8079-1FD42B635D21}.Release|x86.Build.0 = Release|Any CPU
		{907216FA-9143-497B-9F7E-2566844F232E}.Debug|x86.ActiveCfg = Debug|Any CPU
		{907216FA-9143-497B-9F7E-2566844F232E}.Debug|x86.Build.0 = Debug|Any CPU
		{907216FA-9143-497B-9F7E-2566844F232E}.Release|x86.ActiveCfg = Release|Any CPU
		{907216FA-9143-497B-9F7E-2566844F232E}.Release|x86.Build.0 = Release|Any CPU
		{DB8ACBAC-64DF-439B-BFCD-564D51661CE2}.Debug|x86.ActiveCfg = Debug|Any CPU
		{DB8ACBAC-64DF-439B-BFCD-564D51661CE2}.Debug|x86.Build.0 = Debug|Any CPU
		{DB8ACBAC-64DF-439B-BFCD-564D51661CE2}.Release|x86.ActiveCfg = Release|Any CPU
		{DB8ACBAC-64DF-439B-BFCD-564D51661CE2}.Release|x86.Build.0 = Release|Any CPU
	EndGlobalSection
	GlobalSection(MonoDevelopProperties) = preSolution
		StartupItem = Cogneco.Transpiler.Run\Cogneco.Transpiler.Run.csproj
		Policies = $0
		$0.DotNetNamingPolicy = $1
		$1.DirectoryNamespaceAssociation = PrefixedHierarchical
		$1.ResourceNamePolicy = FileName
		$0.TextStylePolicy = $2
		$2.FileWidth = 120
		$2.TabsToSpaces = False
		$2.NoTabsAfterNonTabs = True
		$2.EolMarker = Windows
		$2.inheritsSet = VisualStudio
		$2.inheritsScope = text/plain
		$2.scope = text/x-csharp
		$0.CSharpFormattingPolicy = $3
		$3.IndentSwitchBody = True
		$3.AnonymousMethodBraceStyle = NextLine
		$3.PropertyBraceStyle = NextLine
		$3.PropertyGetBraceStyle = NextLine
		$3.PropertySetBraceStyle = NextLine
		$3.EventBraceStyle = NextLine
		$3.EventAddBraceStyle = NextLine
		$3.EventRemoveBraceStyle = NextLine
		$3.StatementBraceStyle = NextLine
		$3.ElseNewLinePlacement = NewLine
		$3.CatchNewLinePlacement = NewLine
		$3.FinallyNewLinePlacement = NewLine
		$3.WhileNewLinePlacement = NewLine
		$3.BeforeMethodDeclarationParentheses = False
		$3.BeforeMethodCallParentheses = False
		$3.BeforeConstructorDeclarationParentheses = False
		$3.AfterDelegateDeclarationParameterComma = True
		$3.NewParentheses = False
		$3.SpacesBeforeBrackets = False
		$3.BlankLinesBeforeUsings = 1
		$3.BlankLinesBetweenMembers = 0
		$3.BlankLinesAroundRegion = 0
		$3.BlankLinesInsideRegion = 0
		$3.inheritsSet = Mono
		$3.inheritsScope = text/x-csharp
		$3.scope = text/x-csharp
		$0.TextStylePolicy = $4
		$4.TabsToSpaces = False
		$4.EolMarker = Unix
		$4.inheritsSet = VisualStudio
		$4.inheritsScope = text/plain
		$4.scope = text/plain
		$0.TextStylePolicy = $5
		$5.TabWidth = 2
		$5.IndentWidth = 2
		$5.NoTabsAfterNonTabs = True
		$5.EolMarker = Unix
		$5.inheritsSet = Mono
		$5.inheritsScope = text/plain
		$5.scope = application/x-msbuild
		$0.XmlFormattingPolicy = $6
		$6.DefaultFormat = $7
		$7.AlignAttributes = True
		$7.AlignAttributeValues = True
		$6.inheritsSet = Mono
		$6.inheritsScope = application/xml
		$6.scope = application/x-msbuild
		$0.TextStylePolicy = $8
		$8.TabsToSpaces = False
		$8.EolMarker = Unix
		$8.inheritsSet = VisualStudio
		$8.inheritsScope = text/plain
		$8.scope = text/css
		$0.TextStylePolicy = $9
		$9.TabWidth = 2
		$9.IndentWidth = 2
		$9.NoTabsAfterNonTabs = True
		$9.inheritsSet = Mono
		$9.inheritsScope = text/plain
		$9.scope = text/html
		$0.StandardHeader = $10
		$10.Text = @ \n ${FileName}\n \n Author:\n      ${AuthorName} <${AuthorEmail}>\n\n Copyright (c) ${Year} ${CopyrightHolder}\n\n This program is free software: you can redistribute it and/or modify\n it under the terms of the GNU General Public License as published by\n the Free Software Foundation, either version 3 of the License, or\n (at your option) any later version.\n\n This program is distributed in the hope that it will be useful,\n but WITHOUT ANY WARRANTY; without even the implied warranty of\n MERCHANTABILITY or FITNESS FOR A PARTICULAR PURPOSE.  See the\n GNU General Public License for more details.\n\n You should have received a copy of the GNU General Public License\n along with this program.  If not, see <http://www.gnu.org/licenses/>.
		$10.IncludeInNewFiles = True
		$0.NameConventionPolicy = $11
		$11.Rules = $12
		$12.NamingRule = $13
		$13.Name = Namespaces
		$13.AffectedEntity = Namespace
		$13.VisibilityMask = VisibilityMask
		$13.NamingStyle = PascalCase
		$13.IncludeInstanceMembers = True
		$13.IncludeStaticEntities = True
		$12.NamingRule = $14
		$14.Name = Types
		$14.AffectedEntity = Class, Struct, Enum, Delegate
		$14.VisibilityMask = VisibilityMask
		$14.NamingStyle = PascalCase
		$14.IncludeInstanceMembers = True
		$14.IncludeStaticEntities = True
		$12.NamingRule = $15
		$15.Name = Interfaces
		$15.RequiredPrefixes = $16
		$16.String = I
		$15.AffectedEntity = Interface
		$15.VisibilityMask = VisibilityMask
		$15.NamingStyle = PascalCase
		$15.IncludeInstanceMembers = True
		$15.IncludeStaticEntities = True
		$12.NamingRule = $17
		$17.Name = Attributes
		$17.RequiredSuffixes = $18
		$18.String = Attribute
		$17.AffectedEntity = CustomAttributes
		$17.VisibilityMask = VisibilityMask
		$17.NamingStyle = PascalCase
		$17.IncludeInstanceMembers = True
		$17.IncludeStaticEntities = True
		$12.NamingRule = $19
		$19.Name = Event Arguments
		$19.AffectedEntity = CustomEventArgs
		$19.VisibilityMask = VisibilityMask
		$19.NamingStyle = PascalCase
		$19.IncludeInstanceMembers = True
		$19.IncludeStaticEntities = True
		$12.NamingRule = $20
		$20.Name = Exceptions
		$20.AffectedEntity = CustomExceptions
		$20.VisibilityMask = VisibilityMask
		$20.NamingStyle = PascalCase
		$20.IncludeInstanceMembers = True
		$20.IncludeStaticEntities = True
		$12.NamingRule = $21
		$21.Name = Methods
		$21.AffectedEntity = Methods
		$21.VisibilityMask = VisibilityMask
		$21.NamingStyle = PascalCase
		$21.IncludeInstanceMembers = True
		$21.IncludeStaticEntities = True
		$12.NamingRule = $22
		$22.Name = Static Readonly Fields
		$22.AffectedEntity = ReadonlyField
		$22.VisibilityMask = Internal, Protected, Public
		$22.NamingStyle = PascalCase
		$22.IncludeInstanceMembers = False
		$22.IncludeStaticEntities = True
		$12.NamingRule = $23
		$23.Name = Fields (Non Private)
		$23.AffectedEntity = Field
		$23.VisibilityMask = Internal, Protected, Public
		$23.NamingStyle = PascalCase
		$23.IncludeInstanceMembers = True
		$23.IncludeStaticEntities = True
		$12.NamingRule = $24
		$24.Name = ReadOnly Fields (Non Private)
		$24.AffectedEntity = ReadonlyField
		$24.VisibilityMask = Internal, Protected, Public
		$24.NamingStyle = PascalCase
		$24.IncludeInstanceMembers = True
		$24.IncludeStaticEntities = False
		$12.NamingRule = $25
		$25.Name = Fields (Private)
		$25.AffectedEntity = Field, ReadonlyField
		$25.VisibilityMask = Private
		$25.NamingStyle = CamelCase
		$25.IncludeInstanceMembers = True
		$25.IncludeStaticEntities = False
		$12.NamingRule = $26
		$26.Name = Static Fields (Private)
		$26.AffectedEntity = Field
		$26.VisibilityMask = Private
		$26.NamingStyle = CamelCase
		$26.IncludeInstanceMembers = False
		$26.IncludeStaticEntities = True
		$12.NamingRule = $27
		$27.Name = ReadOnly Fields (Private)
		$27.AffectedEntity = ReadonlyField
		$27.VisibilityMask = Private
		$27.NamingStyle = CamelCase
		$27.IncludeInstanceMembers = True
		$27.IncludeStaticEntities = False
		$12.NamingRule = $28
		$28.Name = Constant Fields
		$28.AffectedEntity = ConstantField
		$28.VisibilityMask = VisibilityMask
		$28.NamingStyle = PascalCase
		$28.IncludeInstanceMembers = True
		$28.IncludeStaticEntities = True
		$12.NamingRule = $29
		$29.Name = Properties
		$29.AffectedEntity = Property
		$29.VisibilityMask = VisibilityMask
		$29.NamingStyle = PascalCase
		$29.IncludeInstanceMembers = True
		$29.IncludeStaticEntities = True
		$12.NamingRule = $30
		$30.Name = Events
		$30.AffectedEntity = Event
		$30.VisibilityMask = VisibilityMask
		$30.NamingStyle = PascalCase
		$30.IncludeInstanceMembers = True
		$30.IncludeStaticEntities = True
		$12.NamingRule = $31
		$31.Name = Enum Members
		$31.AffectedEntity = EnumMember
		$31.VisibilityMask = VisibilityMask
		$31.NamingStyle = PascalCase
		$31.IncludeInstanceMembers = True
		$31.IncludeStaticEntities = True
		$12.NamingRule = $32
		$32.Name = Parameters
		$32.AffectedEntity = Parameter
		$32.VisibilityMask = VisibilityMask
		$32.NamingStyle = CamelCase
		$32.IncludeInstanceMembers = True
		$32.IncludeStaticEntities = True
		$12.NamingRule = $33
		$33.Name = Type Parameters
		$33.RequiredPrefixes = $34
		$34.String = T
		$33.AffectedEntity = TypeParameter
		$33.VisibilityMask = VisibilityMask
		$33.NamingStyle = PascalCase
		$33.IncludeInstanceMembers = True
		$33.IncludeStaticEntities = True
	EndGlobalSection
EndGlobal
